
Microsoft Visual Studio Solution File, Format Version 12.00
# Visual Studio Version 17
VisualStudioVersion = 17.14.36616.10 d17.14
MinimumVisualStudioVersion = 10.0.40219.1
Project("{FAE04EC0-301F-11D3-BF4B-00C04F79EFBC}") = "Exe17_PRL_12112025", "Exe17_PRL_12112025\Exe17_PRL_12112025.csproj", "{96F1FA16-C5B5-4DCC-B5C5-056548245032}"
EndProject
Global
	GlobalSection(SolutionConfigurationPlatforms) = preSolution
		Debug|Any CPU = Debug|Any CPU
		Release|Any CPU = Release|Any CPU
	EndGlobalSection
	GlobalSection(ProjectConfigurationPlatforms) = postSolution
		{96F1FA16-C5B5-4DCC-B5C5-056548245032}.Debug|Any CPU.ActiveCfg = Debug|Any CPU
		{96F1FA16-C5B5-4DCC-B5C5-056548245032}.Debug|Any CPU.Build.0 = Debug|Any CPU
		{96F1FA16-C5B5-4DCC-B5C5-056548245032}.Release|Any CPU.ActiveCfg = Release|Any CPU
		{96F1FA16-C5B5-4DCC-B5C5-056548245032}.Release|Any CPU.Build.0 = Release|Any CPU
	EndGlobalSection
	GlobalSection(SolutionProperties) = preSolution
		HideSolutionNode = FALSE
	EndGlobalSection
	GlobalSection(ExtensibilityGlobals) = postSolution
		SolutionGuid = {D786F354-15CE-48B7-B43C-2C801C06C70C}
	EndGlobalSection
EndGlobal
