
Microsoft Visual Studio Solution File, Format Version 12.00
# Visual Studio Version 17
VisualStudioVersion = 17.14.36616.10 d17.14
MinimumVisualStudioVersion = 10.0.40219.1
Project("{FAE04EC0-301F-11D3-BF4B-00C04F79EFBC}") = "TL03_PRL_130825", "TL03_PRL_130825\TL03_PRL_130825.csproj", "{2CBB7809-0F2E-4100-A209-E1AF3DF9C516}"
EndProject
Global
	GlobalSection(SolutionConfigurationPlatforms) = preSolution
		Debug|Any CPU = Debug|Any CPU
		Release|Any CPU = Release|Any CPU
	EndGlobalSection
	GlobalSection(ProjectConfigurationPlatforms) = postSolution
		{2CBB7809-0F2E-4100-A209-E1AF3DF9C516}.Debug|Any CPU.ActiveCfg = Debug|Any CPU
		{2CBB7809-0F2E-4100-A209-E1AF3DF9C516}.Debug|Any CPU.Build.0 = Debug|Any CPU
		{2CBB7809-0F2E-4100-A209-E1AF3DF9C516}.Release|Any CPU.ActiveCfg = Release|Any CPU
		{2CBB7809-0F2E-4100-A209-E1AF3DF9C516}.Release|Any CPU.Build.0 = Release|Any CPU
	EndGlobalSection
	GlobalSection(SolutionProperties) = preSolution
		HideSolutionNode = FALSE
	EndGlobalSection
	GlobalSection(ExtensibilityGlobals) = postSolution
		SolutionGuid = {DAA327CC-17C5-40FB-9234-638A1218D379}
	EndGlobalSection
EndGlobal
