
Microsoft Visual Studio Solution File, Format Version 12.00
# Visual Studio Version 17
VisualStudioVersion = 17.14.36616.10 d17.14
MinimumVisualStudioVersion = 10.0.40219.1
Project("{FAE04EC0-301F-11D3-BF4B-00C04F79EFBC}") = "Exe16_PRL_12112025", "Exe16_PRL_12112025\Exe16_PRL_12112025.csproj", "{2E3FFA27-5374-42A6-B1DC-6D9D85F91D2D}"
EndProject
Global
	GlobalSection(SolutionConfigurationPlatforms) = preSolution
		Debug|Any CPU = Debug|Any CPU
		Release|Any CPU = Release|Any CPU
	EndGlobalSection
	GlobalSection(ProjectConfigurationPlatforms) = postSolution
		{2E3FFA27-5374-42A6-B1DC-6D9D85F91D2D}.Debug|Any CPU.ActiveCfg = Debug|Any CPU
		{2E3FFA27-5374-42A6-B1DC-6D9D85F91D2D}.Debug|Any CPU.Build.0 = Debug|Any CPU
		{2E3FFA27-5374-42A6-B1DC-6D9D85F91D2D}.Release|Any CPU.ActiveCfg = Release|Any CPU
		{2E3FFA27-5374-42A6-B1DC-6D9D85F91D2D}.Release|Any CPU.Build.0 = Release|Any CPU
	EndGlobalSection
	GlobalSection(SolutionProperties) = preSolution
		HideSolutionNode = FALSE
	EndGlobalSection
	GlobalSection(ExtensibilityGlobals) = postSolution
		SolutionGuid = {CCF08137-4C68-4BED-BF0B-1E105D844F90}
	EndGlobalSection
EndGlobal
